// !$*UTF8*$!
{
	archiveVersion = 1;
	classes = {
	};
	objectVersion = 56;
	objects = {

/* Begin PBXBuildFile section */
		9929C3302D51476900F44925 /* User.swift in Sources */ = {isa = PBXBuildFile; fileRef = 9929C32F2D51476900F44925 /* User.swift */; };
		9929C3322D51477A00F44925 /* APIService.swift in Sources */ = {isa = PBXBuildFile; fileRef = 9929C3312D51477A00F44925 /* APIService.swift */; };
		9929C3342D51479B00F44925 /* FaceDetector.swift in Sources */ = {isa = PBXBuildFile; fileRef = 9929C3332D51479B00F44925 /* FaceDetector.swift */; };
		9929C3362D5147A600F44925 /* ImageLoader.swift in Sources */ = {isa = PBXBuildFile; fileRef = 9929C3352D5147A600F44925 /* ImageLoader.swift */; };
		9929C3382D5147B000F44925 /* UsersListView.swift in Sources */ = {isa = PBXBuildFile; fileRef = 9929C3372D5147B000F44925 /* UsersListView.swift */; };
		9929C33A2D5147DA00F44925 /* UserDetailView.swift in Sources */ = {isa = PBXBuildFile; fileRef = 9929C3392D5147DA00F44925 /* UserDetailView.swift */; };
		9929C33C2D5147E400F44925 /* UsersViewModel.swift in Sources */ = {isa = PBXBuildFile; fileRef = 9929C33B2D5147E400F44925 /* UsersViewModel.swift */; };
		9929C3422D514BCB00F44925 /* CGImagePropertyOrientation.swift in Sources */ = {isa = PBXBuildFile; fileRef = 9929C3412D514BC400F44925 /* CGImagePropertyOrientation.swift */; };
		9929C3442D515A9400F44925 /* UserRowView.swift in Sources */ = {isa = PBXBuildFile; fileRef = 9929C3432D515A9400F44925 /* UserRowView.swift */; };
		9929C3482D515B1000F44925 /* FaceMetadata.swift in Sources */ = {isa = PBXBuildFile; fileRef = 9929C3472D515B1000F44925 /* FaceMetadata.swift */; };
		9929C34A2D51864400F44925 /* UserImageData.swift in Sources */ = {isa = PBXBuildFile; fileRef = 9929C3492D51864400F44925 /* UserImageData.swift */; };
		99974FC72D512AAA003443BF /* StackoverflowFaceDetectApp.swift in Sources */ = {isa = PBXBuildFile; fileRef = 99974FC62D512AAA003443BF /* StackoverflowFaceDetectApp.swift */; };
		99974FC92D512AAA003443BF /* ContentView.swift in Sources */ = {isa = PBXBuildFile; fileRef = 99974FC82D512AAA003443BF /* ContentView.swift */; };
		99974FCB2D512AAE003443BF /* Assets.xcassets in Resources */ = {isa = PBXBuildFile; fileRef = 99974FCA2D512AAE003443BF /* Assets.xcassets */; };
		99974FCE2D512AAE003443BF /* Preview Assets.xcassets in Resources */ = {isa = PBXBuildFile; fileRef = 99974FCD2D512AAE003443BF /* Preview Assets.xcassets */; };
/* End PBXBuildFile section */

/* Begin PBXFileReference section */
		9929C32F2D51476900F44925 /* User.swift */ = {isa = PBXFileReference; lastKnownFileType = sourcecode.swift; path = User.swift; sourceTree = "<group>"; };
		9929C3312D51477A00F44925 /* APIService.swift */ = {isa = PBXFileReference; lastKnownFileType = sourcecode.swift; path = APIService.swift; sourceTree = "<group>"; };
		9929C3332D51479B00F44925 /* FaceDetector.swift */ = {isa = PBXFileReference; lastKnownFileType = sourcecode.swift; path = FaceDetector.swift; sourceTree = "<group>"; };
		9929C3352D5147A600F44925 /* ImageLoader.swift */ = {isa = PBXFileReference; lastKnownFileType = sourcecode.swift; path = ImageLoader.swift; sourceTree = "<group>"; };
		9929C3372D5147B000F44925 /* UsersListView.swift */ = {isa = PBXFileReference; lastKnownFileType = sourcecode.swift; path = UsersListView.swift; sourceTree = "<group>"; };
		9929C3392D5147DA00F44925 /* UserDetailView.swift */ = {isa = PBXFileReference; lastKnownFileType = sourcecode.swift; path = UserDetailView.swift; sourceTree = "<group>"; };
		9929C33B2D5147E400F44925 /* UsersViewModel.swift */ = {isa = PBXFileReference; lastKnownFileType = sourcecode.swift; path = UsersViewModel.swift; sourceTree = "<group>"; };
		9929C3412D514BC400F44925 /* CGImagePropertyOrientation.swift */ = {isa = PBXFileReference; lastKnownFileType = sourcecode.swift; path = CGImagePropertyOrientation.swift; sourceTree = "<group>"; };
		9929C3432D515A9400F44925 /* UserRowView.swift */ = {isa = PBXFileReference; lastKnownFileType = sourcecode.swift; path = UserRowView.swift; sourceTree = "<group>"; };
		9929C3472D515B1000F44925 /* FaceMetadata.swift */ = {isa = PBXFileReference; lastKnownFileType = sourcecode.swift; path = FaceMetadata.swift; sourceTree = "<group>"; };
		9929C3492D51864400F44925 /* UserImageData.swift */ = {isa = PBXFileReference; lastKnownFileType = sourcecode.swift; path = UserImageData.swift; sourceTree = "<group>"; };
		99974FC32D512AAA003443BF /* StackoverflowFaceDetect.app */ = {isa = PBXFileReference; explicitFileType = wrapper.application; includeInIndex = 0; path = StackoverflowFaceDetect.app; sourceTree = BUILT_PRODUCTS_DIR; };
		99974FC62D512AAA003443BF /* StackoverflowFaceDetectApp.swift */ = {isa = PBXFileReference; lastKnownFileType = sourcecode.swift; path = StackoverflowFaceDetectApp.swift; sourceTree = "<group>"; };
		99974FC82D512AAA003443BF /* ContentView.swift */ = {isa = PBXFileReference; lastKnownFileType = sourcecode.swift; path = ContentView.swift; sourceTree = "<group>"; };
		99974FCA2D512AAE003443BF /* Assets.xcassets */ = {isa = PBXFileReference; lastKnownFileType = folder.assetcatalog; path = Assets.xcassets; sourceTree = "<group>"; };
		99974FCD2D512AAE003443BF /* Preview Assets.xcassets */ = {isa = PBXFileReference; lastKnownFileType = folder.assetcatalog; path = "Preview Assets.xcassets"; sourceTree = "<group>"; };
/* End PBXFileReference section */

/* Begin PBXFrameworksBuildPhase section */
		99974FC02D512AA9003443BF /* Frameworks */ = {
			isa = PBXFrameworksBuildPhase;
			buildActionMask = 2147483647;
			files = (
			);
			runOnlyForDeploymentPostprocessing = 0;
		};
/* End PBXFrameworksBuildPhase section */

/* Begin PBXGroup section */
		9929C32A2D5146D900F44925 /* Models */ = {
			isa = PBXGroup;
			children = (
				9929C3492D51864400F44925 /* UserImageData.swift */,
				9929C3472D515B1000F44925 /* FaceMetadata.swift */,
				9929C32F2D51476900F44925 /* User.swift */,
			);
			path = Models;
			sourceTree = "<group>";
		};
		9929C32B2D5146E200F44925 /* Services */ = {
			isa = PBXGroup;
			children = (
				9929C3352D5147A600F44925 /* ImageLoader.swift */,
				9929C3332D51479B00F44925 /* FaceDetector.swift */,
				9929C3312D51477A00F44925 /* APIService.swift */,
			);
			path = Services;
			sourceTree = "<group>";
		};
		9929C32C2D5146EA00F44925 /* ViewModels */ = {
			isa = PBXGroup;
			children = (
				9929C33B2D5147E400F44925 /* UsersViewModel.swift */,
			);
			path = ViewModels;
			sourceTree = "<group>";
		};
		9929C32D2D5146F600F44925 /* Views */ = {
			isa = PBXGroup;
			children = (
				9929C3432D515A9400F44925 /* UserRowView.swift */,
				9929C3392D5147DA00F44925 /* UserDetailView.swift */,
				9929C3372D5147B000F44925 /* UsersListView.swift */,
			);
			path = Views;
			sourceTree = "<group>";
		};
		9929C32E2D5146FE00F44925 /* Utilities */ = {
			isa = PBXGroup;
			children = (
				9929C3412D514BC400F44925 /* CGImagePropertyOrientation.swift */,
			);
			path = Utilities;
			sourceTree = "<group>";
		};
		99974FBA2D512AA9003443BF = {
			isa = PBXGroup;
			children = (
				99974FC52D512AAA003443BF /* StackoverflowFaceDetect */,
				99974FC42D512AAA003443BF /* Products */,
			);
			sourceTree = "<group>";
		};
		99974FC42D512AAA003443BF /* Products */ = {
			isa = PBXGroup;
			children = (
				99974FC32D512AAA003443BF /* StackoverflowFaceDetect.app */,
			);
			name = Products;
			sourceTree = "<group>";
		};
		99974FC52D512AAA003443BF /* StackoverflowFaceDetect */ = {
			isa = PBXGroup;
			children = (
				9929C32E2D5146FE00F44925 /* Utilities */,
				9929C32D2D5146F600F44925 /* Views */,
				9929C32C2D5146EA00F44925 /* ViewModels */,
				9929C32B2D5146E200F44925 /* Services */,
				9929C32A2D5146D900F44925 /* Models */,
				99974FC62D512AAA003443BF /* StackoverflowFaceDetectApp.swift */,
				99974FC82D512AAA003443BF /* ContentView.swift */,
				99974FCA2D512AAE003443BF /* Assets.xcassets */,
				99974FCC2D512AAE003443BF /* Preview Content */,
			);
			path = StackoverflowFaceDetect;
			sourceTree = "<group>";
		};
		99974FCC2D512AAE003443BF /* Preview Content */ = {
			isa = PBXGroup;
			children = (
				99974FCD2D512AAE003443BF /* Preview Assets.xcassets */,
			);
			path = "Preview Content";
			sourceTree = "<group>";
		};
/* End PBXGroup section */

/* Begin PBXNativeTarget section */
		99974FC22D512AA9003443BF /* StackoverflowFaceDetect */ = {
			isa = PBXNativeTarget;
			buildConfigurationList = 99974FD12D512AAE003443BF /* Build configuration list for PBXNativeTarget "StackoverflowFaceDetect" */;
			buildPhases = (
				99974FBF2D512AA9003443BF /* Sources */,
				99974FC02D512AA9003443BF /* Frameworks */,
				99974FC12D512AA9003443BF /* Resources */,
			);
			buildRules = (
			);
			dependencies = (
			);
			name = StackoverflowFaceDetect;
			productName = StackoverflowFaceDetect;
			productReference = 99974FC32D512AAA003443BF /* StackoverflowFaceDetect.app */;
			productType = "com.apple.product-type.application";
		};
/* End PBXNativeTarget section */

/* Begin PBXProject section */
		99974FBB2D512AA9003443BF /* Project object */ = {
			isa = PBXProject;
			attributes = {
				BuildIndependentTargetsInParallel = 1;
				LastSwiftUpdateCheck = 1530;
				LastUpgradeCheck = 1530;
				TargetAttributes = {
					99974FC22D512AA9003443BF = {
						CreatedOnToolsVersion = 15.3;
					};
				};
			};
			buildConfigurationList = 99974FBE2D512AA9003443BF /* Build configuration list for PBXProject "StackoverflowFaceDetect" */;
			compatibilityVersion = "Xcode 14.0";
			developmentRegion = en;
			hasScannedForEncodings = 0;
			knownRegions = (
				en,
				Base,
			);
			mainGroup = 99974FBA2D512AA9003443BF;
			productRefGroup = 99974FC42D512AAA003443BF /* Products */;
			projectDirPath = "";
			projectRoot = "";
			targets = (
				99974FC22D512AA9003443BF /* StackoverflowFaceDetect */,
			);
		};
/* End PBXProject section */

/* Begin PBXResourcesBuildPhase section */
		99974FC12D512AA9003443BF /* Resources */ = {
			isa = PBXResourcesBuildPhase;
			buildActionMask = 2147483647;
			files = (
				99974FCE2D512AAE003443BF /* Preview Assets.xcassets in Resources */,
				99974FCB2D512AAE003443BF /* Assets.xcassets in Resources */,
			);
			runOnlyForDeploymentPostprocessing = 0;
		};
/* End PBXResourcesBuildPhase section */

/* Begin PBXSourcesBuildPhase section */
		99974FBF2D512AA9003443BF /* Sources */ = {
			isa = PBXSourcesBuildPhase;
			buildActionMask = 2147483647;
			files = (
				9929C3342D51479B00F44925 /* FaceDetector.swift in Sources */,
				99974FC92D512AAA003443BF /* ContentView.swift in Sources */,
				9929C34A2D51864400F44925 /* UserImageData.swift in Sources */,
				9929C3362D5147A600F44925 /* ImageLoader.swift in Sources */,
				9929C3482D515B1000F44925 /* FaceMetadata.swift in Sources */,
				9929C3422D514BCB00F44925 /* CGImagePropertyOrientation.swift in Sources */,
				99974FC72D512AAA003443BF /* StackoverflowFaceDetectApp.swift in Sources */,
				9929C33A2D5147DA00F44925 /* UserDetailView.swift in Sources */,
				9929C3322D51477A00F44925 /* APIService.swift in Sources */,
				9929C3302D51476900F44925 /* User.swift in Sources */,
				9929C33C2D5147E400F44925 /* UsersViewModel.swift in Sources */,
				9929C3442D515A9400F44925 /* UserRowView.swift in Sources */,
				9929C3382D5147B000F44925 /* UsersListView.swift in Sources */,
			);
			runOnlyForDeploymentPostprocessing = 0;
		};
/* End PBXSourcesBuildPhase section */

/* Begin XCBuildConfiguration section */
		99974FCF2D512AAE003443BF /* Debug */ = {
			isa = XCBuildConfiguration;
			buildSettings = {
				ALWAYS_SEARCH_USER_PATHS = NO;
				ASSETCATALOG_COMPILER_GENERATE_SWIFT_ASSET_SYMBOL_EXTENSIONS = YES;
				CLANG_ANALYZER_NONNULL = YES;
				CLANG_ANALYZER_NUMBER_OBJECT_CONVERSION = YES_AGGRESSIVE;
				CLANG_CXX_LANGUAGE_STANDARD = "gnu++20";
				CLANG_ENABLE_MODULES = YES;
				CLANG_ENABLE_OBJC_ARC = YES;
				CLANG_ENABLE_OBJC_WEAK = YES;
				CLANG_WARN_BLOCK_CAPTURE_AUTORELEASING = YES;
				CLANG_WARN_BOOL_CONVERSION = YES;
				CLANG_WARN_COMMA = YES;
				CLANG_WARN_CONSTANT_CONVERSION = YES;
				CLANG_WARN_DEPRECATED_OBJC_IMPLEMENTATIONS = YES;
				CLANG_WARN_DIRECT_OBJC_ISA_USAGE = YES_ERROR;
				CLANG_WARN_DOCUMENTATION_COMMENTS = YES;
				CLANG_WARN_EMPTY_BODY = YES;
				CLANG_WARN_ENUM_CONVERSION = YES;
				CLANG_WARN_INFINITE_RECURSION = YES;
				CLANG_WARN_INT_CONVERSION = YES;
				CLANG_WARN_NON_LITERAL_NULL_CONVERSION = YES;
				CLANG_WARN_OBJC_IMPLICIT_RETAIN_SELF = YES;
				CLANG_WARN_OBJC_LITERAL_CONVERSION = YES;
				CLANG_WARN_OBJC_ROOT_CLASS = YES_ERROR;
				CLANG_WARN_QUOTED_INCLUDE_IN_FRAMEWORK_HEADER = YES;
				CLANG_WARN_RANGE_LOOP_ANALYSIS = YES;
				CLANG_WARN_STRICT_PROTOTYPES = YES;
				CLANG_WARN_SUSPICIOUS_MOVE = YES;
				CLANG_WARN_UNGUARDED_AVAILABILITY = YES_AGGRESSIVE;
				CLANG_WARN_UNREACHABLE_CODE = YES;
				CLANG_WARN__DUPLICATE_METHOD_MATCH = YES;
				COPY_PHASE_STRIP = NO;
				DEBUG_INFORMATION_FORMAT = dwarf;
				ENABLE_STRICT_OBJC_MSGSEND = YES;
				ENABLE_TESTABILITY = YES;
				ENABLE_USER_SCRIPT_SANDBOXING = YES;
				GCC_C_LANGUAGE_STANDARD = gnu17;
				GCC_DYNAMIC_NO_PIC = NO;
				GCC_NO_COMMON_BLOCKS = YES;
				GCC_OPTIMIZATION_LEVEL = 0;
				GCC_PREPROCESSOR_DEFINITIONS = (
					"DEBUG=1",
					"$(inherited)",
				);
				GCC_WARN_64_TO_32_BIT_CONVERSION = YES;
				GCC_WARN_ABOUT_RETURN_TYPE = YES_ERROR;
				GCC_WARN_UNDECLARED_SELECTOR = YES;
				GCC_WARN_UNINITIALIZED_AUTOS = YES_AGGRESSIVE;
				GCC_WARN_UNUSED_FUNCTION = YES;
				GCC_WARN_UNUSED_VARIABLE = YES;
				IPHONEOS_DEPLOYMENT_TARGET = 17.4;
				LOCALIZATION_PREFERS_STRING_CATALOGS = YES;
				MTL_ENABLE_DEBUG_INFO = INCLUDE_SOURCE;
				MTL_FAST_MATH = YES;
				ONLY_ACTIVE_ARCH = YES;
				SDKROOT = iphoneos;
				SWIFT_ACTIVE_COMPILATION_CONDITIONS = "DEBUG $(inherited)";
				SWIFT_OPTIMIZATION_LEVEL = "-Onone";
			};
			name = Debug;
		};
		99974FD02D512AAE003443BF /* Release */ = {
			isa = XCBuildConfiguration;
			buildSettings = {
				ALWAYS_SEARCH_USER_PATHS = NO;
				ASSETCATALOG_COMPILER_GENERATE_SWIFT_ASSET_SYMBOL_EXTENSIONS = YES;
				CLANG_ANALYZER_NONNULL = YES;
				CLANG_ANALYZER_NUMBER_OBJECT_CONVERSION = YES_AGGRESSIVE;
				CLANG_CXX_LANGUAGE_STANDARD = "gnu++20";
				CLANG_ENABLE_MODULES = YES;
				CLANG_ENABLE_OBJC_ARC = YES;
				CLANG_ENABLE_OBJC_WEAK = YES;
				CLANG_WARN_BLOCK_CAPTURE_AUTORELEASING = YES;
				CLANG_WARN_BOOL_CONVERSION = YES;
				CLANG_WARN_COMMA = YES;
				CLANG_WARN_CONSTANT_CONVERSION = YES;
				CLANG_WARN_DEPRECATED_OBJC_IMPLEMENTATIONS = YES;
				CLANG_WARN_DIRECT_OBJC_ISA_USAGE = YES_ERROR;
				CLANG_WARN_DOCUMENTATION_COMMENTS = YES;
				CLANG_WARN_EMPTY_BODY = YES;
				CLANG_WARN_ENUM_CONVERSION = YES;
				CLANG_WARN_INFINITE_RECURSION = YES;
				CLANG_WARN_INT_CONVERSION = YES;
				CLANG_WARN_NON_LITERAL_NULL_CONVERSION = YES;
				CLANG_WARN_OBJC_IMPLICIT_RETAIN_SELF = YES;
				CLANG_WARN_OBJC_LITERAL_CONVERSION = YES;
				CLANG_WARN_OBJC_ROOT_CLASS = YES_ERROR;
				CLANG_WARN_QUOTED_INCLUDE_IN_FRAMEWORK_HEADER = YES;
				CLANG_WARN_RANGE_LOOP_ANALYSIS = YES;
				CLANG_WARN_STRICT_PROTOTYPES = YES;
				CLANG_WARN_SUSPICIOUS_MOVE = YES;
				CLANG_WARN_UNGUARDED_AVAILABILITY = YES_AGGRESSIVE;
				CLANG_WARN_UNREACHABLE_CODE = YES;
				CLANG_WARN__DUPLICATE_METHOD_MATCH = YES;
				COPY_PHASE_STRIP = NO;
				DEBUG_INFORMATION_FORMAT = "dwarf-with-dsym";
				ENABLE_NS_ASSERTIONS = NO;
				ENABLE_STRICT_OBJC_MSGSEND = YES;
				ENABLE_USER_SCRIPT_SANDBOXING = YES;
				GCC_C_LANGUAGE_STANDARD = gnu17;
				GCC_NO_COMMON_BLOCKS = YES;
				GCC_WARN_64_TO_32_BIT_CONVERSION = YES;
				GCC_WARN_ABOUT_RETURN_TYPE = YES_ERROR;
				GCC_WARN_UNDECLARED_SELECTOR = YES;
				GCC_WARN_UNINITIALIZED_AUTOS = YES_AGGRESSIVE;
				GCC_WARN_UNUSED_FUNCTION = YES;
				GCC_WARN_UNUSED_VARIABLE = YES;
				IPHONEOS_DEPLOYMENT_TARGET = 17.4;
				LOCALIZATION_PREFERS_STRING_CATALOGS = YES;
				MTL_ENABLE_DEBUG_INFO = NO;
				MTL_FAST_MATH = YES;
				SDKROOT = iphoneos;
				SWIFT_COMPILATION_MODE = wholemodule;
				VALIDATE_PRODUCT = YES;
			};
			name = Release;
		};
		99974FD22D512AAE003443BF /* Debug */ = {
			isa = XCBuildConfiguration;
			buildSettings = {
				ASSETCATALOG_COMPILER_APPICON_NAME = AppIcon;
				ASSETCATALOG_COMPILER_GLOBAL_ACCENT_COLOR_NAME = AccentColor;
				CODE_SIGN_STYLE = Automatic;
				CURRENT_PROJECT_VERSION = 1;
				DEVELOPMENT_ASSET_PATHS = "\"StackoverflowFaceDetect/Preview Content\"";
				DEVELOPMENT_TEAM = 433RBCS339;
				ENABLE_PREVIEWS = YES;
				GENERATE_INFOPLIST_FILE = YES;
				INFOPLIST_KEY_UIApplicationSceneManifest_Generation = YES;
				INFOPLIST_KEY_UIApplicationSupportsIndirectInputEvents = YES;
				INFOPLIST_KEY_UILaunchScreen_Generation = YES;
				INFOPLIST_KEY_UISupportedInterfaceOrientations_iPad = "UIInterfaceOrientationPortrait UIInterfaceOrientationPortraitUpsideDown UIInterfaceOrientationLandscapeLeft UIInterfaceOrientationLandscapeRight";
				INFOPLIST_KEY_UISupportedInterfaceOrientations_iPhone = "UIInterfaceOrientationPortrait UIInterfaceOrientationLandscapeLeft UIInterfaceOrientationLandscapeRight";
				LD_RUNPATH_SEARCH_PATHS = (
					"$(inherited)",
					"@executable_path/Frameworks",
				);
				MARKETING_VERSION = 1.0;
				PRODUCT_BUNDLE_IDENTIFIER = com.rikbasu.StackoverflowFaceDetect;
				PRODUCT_NAME = "$(TARGET_NAME)";
				SWIFT_EMIT_LOC_STRINGS = YES;
				SWIFT_VERSION = 5.0;
				TARGETED_DEVICE_FAMILY = "1,2";
			};
			name = Debug;
		};
		99974FD32D512AAE003443BF /* Release */ = {
			isa = XCBuildConfiguration;
			buildSettings = {
				ASSETCATALOG_COMPILER_APPICON_NAME = AppIcon;
				ASSETCATALOG_COMPILER_GLOBAL_ACCENT_COLOR_NAME = AccentColor;
				CODE_SIGN_STYLE = Automatic;
				CURRENT_PROJECT_VERSION = 1;
				DEVELOPMENT_ASSET_PATHS = "\"StackoverflowFaceDetect/Preview Content\"";
				DEVELOPMENT_TEAM = 433RBCS339;
				ENABLE_PREVIEWS = YES;
				GENERATE_INFOPLIST_FILE = YES;
				INFOPLIST_KEY_UIApplicationSceneManifest_Generation = YES;
				INFOPLIST_KEY_UIApplicationSupportsIndirectInputEvents = YES;
				INFOPLIST_KEY_UILaunchScreen_Generation = YES;
				INFOPLIST_KEY_UISupportedInterfaceOrientations_iPad = "UIInterfaceOrientationPortrait UIInterfaceOrientationPortraitUpsideDown UIInterfaceOrientationLandscapeLeft UIInterfaceOrientationLandscapeRight";
				INFOPLIST_KEY_UISupportedInterfaceOrientations_iPhone = "UIInterfaceOrientationPortrait UIInterfaceOrientationLandscapeLeft UIInterfaceOrientationLandscapeRight";
				LD_RUNPATH_SEARCH_PATHS = (
					"$(inherited)",
					"@executable_path/Frameworks",
				);
				MARKETING_VERSION = 1.0;
				PRODUCT_BUNDLE_IDENTIFIER = com.rikbasu.StackoverflowFaceDetect;
				PRODUCT_NAME = "$(TARGET_NAME)";
				SWIFT_EMIT_LOC_STRINGS = YES;
				SWIFT_VERSION = 5.0;
				TARGETED_DEVICE_FAMILY = "1,2";
			};
			name = Release;
		};
/* End XCBuildConfiguration section */

/* Begin XCConfigurationList section */
		99974FBE2D512AA9003443BF /* Build configuration list for PBXProject "StackoverflowFaceDetect" */ = {
			isa = XCConfigurationList;
			buildConfigurations = (
				99974FCF2D512AAE003443BF /* Debug */,
				99974FD02D512AAE003443BF /* Release */,
			);
			defaultConfigurationIsVisible = 0;
			defaultConfigurationName = Release;
		};
		99974FD12D512AAE003443BF /* Build configuration list for PBXNativeTarget "StackoverflowFaceDetect" */ = {
			isa = XCConfigurationList;
			buildConfigurations = (
				99974FD22D512AAE003443BF /* Debug */,
				99974FD32D512AAE003443BF /* Release */,
			);
			defaultConfigurationIsVisible = 0;
			defaultConfigurationName = Release;
		};
/* End XCConfigurationList section */
	};
	rootObject = 99974FBB2D512AA9003443BF /* Project object */;
}
